
Microsoft Visual Studio Solution File, Format Version 12.00
# Visual Studio 14
VisualStudioVersion = 14.0.23107.0
MinimumVisualStudioVersion = 10.0.40219.1
Project("{FAE04EC0-301F-11D3-BF4B-00C04F79EFBC}") = "UI", "UI\UI.csproj", "{DE9CEB46-ECC2-4ED4-B0EA-AC894B418443}"
EndProject
Project("{FAE04EC0-301F-11D3-BF4B-00C04F79EFBC}") = "IOC", "IOC\IOC.csproj", "{2B0E210A-9F96-49AC-A44A-44F3CB0989C8}"
EndProject
Global
	GlobalSection(SolutionConfigurationPlatforms) = preSolution
		Debug|Any CPU = Debug|Any CPU
		Release|Any CPU = Release|Any CPU
	EndGlobalSection
	GlobalSection(ProjectConfigurationPlatforms) = postSolution
		{DE9CEB46-ECC2-4ED4-B0EA-AC894B418443}.Debug|Any CPU.ActiveCfg = Debug|Any CPU
		{DE9CEB46-ECC2-4ED4-B0EA-AC894B418443}.Debug|Any CPU.Build.0 = Debug|Any CPU
		{DE9CEB46-ECC2-4ED4-B0EA-AC894B418443}.Release|Any CPU.ActiveCfg = Release|Any CPU
		{DE9CEB46-ECC2-4ED4-B0EA-AC894B418443}.Release|Any CPU.Build.0 = Release|Any CPU
		{2B0E210A-9F96-49AC-A44A-44F3CB0989C8}.Debug|Any CPU.ActiveCfg = Debug|Any CPU
		{2B0E210A-9F96-49AC-A44A-44F3CB0989C8}.Debug|Any CPU.Build.0 = Debug|Any CPU
		{2B0E210A-9F96-49AC-A44A-44F3CB0989C8}.Release|Any CPU.ActiveCfg = Release|Any CPU
		{2B0E210A-9F96-49AC-A44A-44F3CB0989C8}.Release|Any CPU.Build.0 = Release|Any CPU
	EndGlobalSection
	GlobalSection(SolutionProperties) = preSolution
		HideSolutionNode = FALSE
	EndGlobalSection
EndGlobal
